
Microsoft Visual Studio Solution File, Format Version 12.00
# Visual Studio Version 16
VisualStudioVersion = 16.0.29519.87
MinimumVisualStudioVersion = 10.0.40219.1
Project("{FAE04EC0-301F-11D3-BF4B-00C04F79EFBC}") = "AWSS3FileUpload", "AWSS3FileUpload.csproj", "{F5C099FB-9599-4D0E-9B2D-DC8F2DBD3588}"
EndProject
Global
	GlobalSection(SolutionConfigurationPlatforms) = preSolution
		Debug|Any CPU = Debug|Any CPU
		Release|Any CPU = Release|Any CPU
	EndGlobalSection
	GlobalSection(ProjectConfigurationPlatforms) = postSolution
		{F5C099FB-9599-4D0E-9B2D-DC8F2DBD3588}.Debug|Any CPU.ActiveCfg = Debug|Any CPU
		{F5C099FB-9599-4D0E-9B2D-DC8F2DBD3588}.Debug|Any CPU.Build.0 = Debug|Any CPU
		{F5C099FB-9599-4D0E-9B2D-DC8F2DBD3588}.Release|Any CPU.ActiveCfg = Release|Any CPU
		{F5C099FB-9599-4D0E-9B2D-DC8F2DBD3588}.Release|Any CPU.Build.0 = Release|Any CPU
	EndGlobalSection
	GlobalSection(SolutionProperties) = preSolution
		HideSolutionNode = FALSE
	EndGlobalSection
	GlobalSection(ExtensibilityGlobals) = postSolution
		SolutionGuid = {59AB4E78-6843-4C5D-8BA0-EB1EDA16BF3D}
	EndGlobalSection
EndGlobal
